<?xml version="1.0" encoding="utf-8"?>
<Project ToolsVersion="4.0" xmlns="http://schemas.microsoft.com/developer/msbuild/2003">
  <ItemGroup>
    <ClCompile Include="stdafx.cpp">
      <Filter>Source Files</Filter>
    </ClCompile>
    <ClCompile Include="sacs.cpp">
      <Filter>Source Files</Filter>
    </ClCompile>
    <ClCompile Include="KeepAliveThread.cpp">
      <Filter>Source Files</Filter>
    </ClCompile>
    <ClCompile Include="Connection.cpp">
      <Filter>Source Files</Filter>
    </ClCompile>
    <ClCompile Include="Commands.cpp">
      <Filter>Source Files</Filter>
    </ClCompile>
    <ClCompile Include="Session.cpp">
      <Filter>Source Files</Filter>
    </ClCompile>
    <ClCompile Include="ConsoleLogger.cpp">
      <Filter>ConsoleLogger</Filter>
    </ClCompile>
    <ClCompile Include="SessionManager.cpp">
      <Filter>Source Files</Filter>
    </ClCompile>
    <ClCompile Include="MessageAcceptorThread.cpp">
      <Filter>Source Files</Filter>
    </ClCompile>
  </ItemGroup>
  <ItemGroup>
    <ClInclude Include="Commands.h">
      <Filter>Header Files</Filter>
    </ClInclude>
    <ClInclude Include="ConData.h">
      <Filter>Header Files</Filter>
    </ClInclude>
    <ClInclude Include="Connection.h">
      <Filter>Header Files</Filter>
    </ClInclude>
    <ClInclude Include="defines.h">
      <Filter>Header Files</Filter>
    </ClInclude>
    <ClInclude Include="KeepAliveThread.h">
      <Filter>Header Files</Filter>
    </ClInclude>
    <ClInclude Include="stdafx.h">
      <Filter>Header Files</Filter>
    </ClInclude>
    <ClInclude Include="targetver.h">
      <Filter>Header Files</Filter>
    </ClInclude>
    <ClInclude Include="Session.h">
      <Filter>Header Files</Filter>
    </ClInclude>
    <ClInclude Include="ConsoleLogger.h">
      <Filter>ConsoleLogger</Filter>
    </ClInclude>
    <ClInclude Include="SessionManager.h">
      <Filter>Header Files</Filter>
    </ClInclude>
    <ClInclude Include="MessageAcceptorThread.h">
      <Filter>Header Files</Filter>
    </ClInclude>
  </ItemGroup>
  <ItemGroup>
    <Filter Include="Header Files">
      <UniqueIdentifier>{5bb5c6a4-7151-4d9d-b99d-7371c91843b3}</UniqueIdentifier>
    </Filter>
    <Filter Include="Source Files">
      <UniqueIdentifier>{16396bd0-4767-4ea8-b6a4-d359d3372cb8}</UniqueIdentifier>
    </Filter>
    <Filter Include="ConsoleLogger">
      <UniqueIdentifier>{a2541f94-363c-4af3-97f6-91919bf52007}</UniqueIdentifier>
    </Filter>
  </ItemGroup>
</Project>